
Microsoft Visual Studio Solution File, Format Version 12.00
# Visual Studio Version 16
VisualStudioVersion = 16.0.31005.135
MinimumVisualStudioVersion = 10.0.40219.1
Project("{9A19103F-16F7-4668-BE54-9A1E7A4F7556}") = "Queue_IbmMq_Api", "Queue_IbmMq_Api\Queue_IbmMq_Api.csproj", "{4C14911F-6DCF-4A26-A9A4-20BC1FC14993}"
EndProject
Project("{FAE04EC0-301F-11D3-BF4B-00C04F79EFBC}") = "QueueIbm", "QueueIbm\QueueIbm.csproj", "{FAB83924-1376-4003-803B-9A18AE7D94F4}"
EndProject
Global
	GlobalSection(SolutionConfigurationPlatforms) = preSolution
		Debug|Any CPU = Debug|Any CPU
		Release|Any CPU = Release|Any CPU
	EndGlobalSection
	GlobalSection(ProjectConfigurationPlatforms) = postSolution
		{4C14911F-6DCF-4A26-A9A4-20BC1FC14993}.Debug|Any CPU.ActiveCfg = Debug|Any CPU
		{4C14911F-6DCF-4A26-A9A4-20BC1FC14993}.Debug|Any CPU.Build.0 = Debug|Any CPU
		{4C14911F-6DCF-4A26-A9A4-20BC1FC14993}.Release|Any CPU.ActiveCfg = Release|Any CPU
		{4C14911F-6DCF-4A26-A9A4-20BC1FC14993}.Release|Any CPU.Build.0 = Release|Any CPU
		{FAB83924-1376-4003-803B-9A18AE7D94F4}.Debug|Any CPU.ActiveCfg = Debug|Any CPU
		{FAB83924-1376-4003-803B-9A18AE7D94F4}.Debug|Any CPU.Build.0 = Debug|Any CPU
		{FAB83924-1376-4003-803B-9A18AE7D94F4}.Release|Any CPU.ActiveCfg = Release|Any CPU
		{FAB83924-1376-4003-803B-9A18AE7D94F4}.Release|Any CPU.Build.0 = Release|Any CPU
	EndGlobalSection
	GlobalSection(SolutionProperties) = preSolution
		HideSolutionNode = FALSE
	EndGlobalSection
	GlobalSection(ExtensibilityGlobals) = postSolution
		SolutionGuid = {DFB8C1E2-5D9D-4730-9470-5BA7FAC56070}
	EndGlobalSection
EndGlobal
